
Microsoft Visual Studio Solution File, Format Version 12.00
# Visual Studio Version 17
VisualStudioVersion = 17.12.35527.113 d17.12
MinimumVisualStudioVersion = 10.0.40219.1
Project("{FAE04EC0-301F-11D3-BF4B-00C04F79EFBC}") = "WebUI", "WebUI\WebUI.csproj", "{D5E459EC-6445-455D-997E-02F684FE0DC2}"
EndProject
Project("{FAE04EC0-301F-11D3-BF4B-00C04F79EFBC}") = "Data", "Data\Data.csproj", "{5232BA03-E69A-4019-9CC9-0E1961E8B0A2}"
EndProject
Project("{FAE04EC0-301F-11D3-BF4B-00C04F79EFBC}") = "Domain", "Domain\Domain.csproj", "{0858C1A2-2BA9-4A40-A38D-7070B55DD1B0}"
EndProject
Project("{FAE04EC0-301F-11D3-BF4B-00C04F79EFBC}") = "WebUI.Tests", "WebUI.Tests\WebUI.Tests.csproj", "{C3A45EC6-C9CE-461C-8DC8-61FEBFCC50DD}"
EndProject
Project("{FAE04EC0-301F-11D3-BF4B-00C04F79EFBC}") = "WebAPI", "WebAPI\WebAPI.csproj", "{610BCCB7-E594-4AD8-90F1-4D745F4DA803}"
EndProject
Global
	GlobalSection(SolutionConfigurationPlatforms) = preSolution
		Debug|Any CPU = Debug|Any CPU
		Release|Any CPU = Release|Any CPU
	EndGlobalSection
	GlobalSection(ProjectConfigurationPlatforms) = postSolution
		{D5E459EC-6445-455D-997E-02F684FE0DC2}.Debug|Any CPU.ActiveCfg = Debug|Any CPU
		{D5E459EC-6445-455D-997E-02F684FE0DC2}.Debug|Any CPU.Build.0 = Debug|Any CPU
		{D5E459EC-6445-455D-997E-02F684FE0DC2}.Release|Any CPU.ActiveCfg = Release|Any CPU
		{D5E459EC-6445-455D-997E-02F684FE0DC2}.Release|Any CPU.Build.0 = Release|Any CPU
		{5232BA03-E69A-4019-9CC9-0E1961E8B0A2}.Debug|Any CPU.ActiveCfg = Debug|Any CPU
		{5232BA03-E69A-4019-9CC9-0E1961E8B0A2}.Debug|Any CPU.Build.0 = Debug|Any CPU
		{5232BA03-E69A-4019-9CC9-0E1961E8B0A2}.Release|Any CPU.ActiveCfg = Release|Any CPU
		{5232BA03-E69A-4019-9CC9-0E1961E8B0A2}.Release|Any CPU.Build.0 = Release|Any CPU
		{0858C1A2-2BA9-4A40-A38D-7070B55DD1B0}.Debug|Any CPU.ActiveCfg = Debug|Any CPU
		{0858C1A2-2BA9-4A40-A38D-7070B55DD1B0}.Debug|Any CPU.Build.0 = Debug|Any CPU
		{0858C1A2-2BA9-4A40-A38D-7070B55DD1B0}.Release|Any CPU.ActiveCfg = Release|Any CPU
		{0858C1A2-2BA9-4A40-A38D-7070B55DD1B0}.Release|Any CPU.Build.0 = Release|Any CPU
		{C3A45EC6-C9CE-461C-8DC8-61FEBFCC50DD}.Debug|Any CPU.ActiveCfg = Debug|Any CPU
		{C3A45EC6-C9CE-461C-8DC8-61FEBFCC50DD}.Debug|Any CPU.Build.0 = Debug|Any CPU
		{C3A45EC6-C9CE-461C-8DC8-61FEBFCC50DD}.Release|Any CPU.ActiveCfg = Release|Any CPU
		{C3A45EC6-C9CE-461C-8DC8-61FEBFCC50DD}.Release|Any CPU.Build.0 = Release|Any CPU
		{610BCCB7-E594-4AD8-90F1-4D745F4DA803}.Debug|Any CPU.ActiveCfg = Debug|Any CPU
		{610BCCB7-E594-4AD8-90F1-4D745F4DA803}.Debug|Any CPU.Build.0 = Debug|Any CPU
		{610BCCB7-E594-4AD8-90F1-4D745F4DA803}.Release|Any CPU.ActiveCfg = Release|Any CPU
		{610BCCB7-E594-4AD8-90F1-4D745F4DA803}.Release|Any CPU.Build.0 = Release|Any CPU
	EndGlobalSection
	GlobalSection(SolutionProperties) = preSolution
		HideSolutionNode = FALSE
	EndGlobalSection
	GlobalSection(ExtensibilityGlobals) = postSolution
		SolutionGuid = {F4875AA6-14A9-45B8-BE6A-035FF1713356}
	EndGlobalSection
EndGlobal
